<Solution>
  <Folder Name="/src/">
    <Project Path="src/ClaudeMigrator.App/ClaudeMigrator.App.csproj" />
    <Project Path="src/ClaudeMigrator.Core/ClaudeMigrator.Core.csproj" />
  </Folder>
  <Folder Name="/tests/">
    <Project Path="tests/ClaudeMigrator.Tests/ClaudeMigrator.Tests.csproj" />
  </Folder>
</Solution>
